
Microsoft Visual Studio Solution File, Format Version 12.00
# Visual Studio Version 17
VisualStudioVersion = 17.11.35312.102
MinimumVisualStudioVersion = 10.0.40219.1
Project("{FAE04EC0-301F-11D3-BF4B-00C04F79EFBC}") = "Kalvi.OOP-Lab10", "Kalvi.OOP-Lab10\Kalvi.OOP-Lab10.csproj", "{091AF149-0422-47B2-BD3B-7B7C16AA1E39}"
EndProject
Global
	GlobalSection(SolutionConfigurationPlatforms) = preSolution
		Debug|Any CPU = Debug|Any CPU
		Release|Any CPU = Release|Any CPU
	EndGlobalSection
	GlobalSection(ProjectConfigurationPlatforms) = postSolution
		{091AF149-0422-47B2-BD3B-7B7C16AA1E39}.Debug|Any CPU.ActiveCfg = Debug|Any CPU
		{091AF149-0422-47B2-BD3B-7B7C16AA1E39}.Debug|Any CPU.Build.0 = Debug|Any CPU
		{091AF149-0422-47B2-BD3B-7B7C16AA1E39}.Release|Any CPU.ActiveCfg = Release|Any CPU
		{091AF149-0422-47B2-BD3B-7B7C16AA1E39}.Release|Any CPU.Build.0 = Release|Any CPU
	EndGlobalSection
	GlobalSection(SolutionProperties) = preSolution
		HideSolutionNode = FALSE
	EndGlobalSection
	GlobalSection(ExtensibilityGlobals) = postSolution
		SolutionGuid = {EC2F16E5-82FF-473E-809B-C25267D5C6E6}
	EndGlobalSection
EndGlobal
